// !$*UTF8*$!
{
	archiveVersion = 1;
	classes = {
	};
	objectVersion = 55;
	objects = {

/* Begin PBXBuildFile section */
		BFF6931928C63DFF00C199CE /* FruitRowView.swift in Sources */ = {isa = PBXBuildFile; fileRef = BFF6931828C63DFF00C199CE /* FruitRowView.swift */; };
		BFFB000128C5C9CF00913C8E /* StartButtonView.swift in Sources */ = {isa = PBXBuildFile; fileRef = BFFB000028C5C9CF00913C8E /* StartButtonView.swift */; };
		BFFB000328C5CFA200913C8E /* OnboardingView.swift in Sources */ = {isa = PBXBuildFile; fileRef = BFFB000228C5CFA200913C8E /* OnboardingView.swift */; };
		BFFB000628C5D24400913C8E /* FruitModel.swift in Sources */ = {isa = PBXBuildFile; fileRef = BFFB000528C5D24400913C8E /* FruitModel.swift */; };
		BFFB000928C5D5D400913C8E /* FruitData.swift in Sources */ = {isa = PBXBuildFile; fileRef = BFFB000828C5D5D400913C8E /* FruitData.swift */; };
		BFFBFFD228C5C02C00913C8E /* Fructus_SwiftUIApp.swift in Sources */ = {isa = PBXBuildFile; fileRef = BFFBFFD128C5C02C00913C8E /* Fructus_SwiftUIApp.swift */; };
		BFFBFFD428C5C02C00913C8E /* ContentView.swift in Sources */ = {isa = PBXBuildFile; fileRef = BFFBFFD328C5C02C00913C8E /* ContentView.swift */; };
		BFFBFFD628C5C02D00913C8E /* Assets.xcassets in Resources */ = {isa = PBXBuildFile; fileRef = BFFBFFD528C5C02D00913C8E /* Assets.xcassets */; };
		BFFBFFD928C5C02D00913C8E /* Preview Assets.xcassets in Resources */ = {isa = PBXBuildFile; fileRef = BFFBFFD828C5C02D00913C8E /* Preview Assets.xcassets */; };
		BFFBFFE328C5C02D00913C8E /* Fructus_SwiftUITests.swift in Sources */ = {isa = PBXBuildFile; fileRef = BFFBFFE228C5C02D00913C8E /* Fructus_SwiftUITests.swift */; };
		BFFBFFED28C5C02D00913C8E /* Fructus_SwiftUIUITests.swift in Sources */ = {isa = PBXBuildFile; fileRef = BFFBFFEC28C5C02D00913C8E /* Fructus_SwiftUIUITests.swift */; };
		BFFBFFEF28C5C02D00913C8E /* Fructus_SwiftUIUITestsLaunchTests.swift in Sources */ = {isa = PBXBuildFile; fileRef = BFFBFFEE28C5C02D00913C8E /* Fructus_SwiftUIUITestsLaunchTests.swift */; };
		BFFBFFFF28C5C36700913C8E /* FruitCardView.swift in Sources */ = {isa = PBXBuildFile; fileRef = BFFBFFFE28C5C36700913C8E /* FruitCardView.swift */; };
/* End PBXBuildFile section */

/* Begin PBXContainerItemProxy section */
		BFFBFFDF28C5C02D00913C8E /* PBXContainerItemProxy */ = {
			isa = PBXContainerItemProxy;
			containerPortal = BFFBFFC628C5C02C00913C8E /* Project object */;
			proxyType = 1;
			remoteGlobalIDString = BFFBFFCD28C5C02C00913C8E;
			remoteInfo = "Fructus-SwiftUI";
		};
		BFFBFFE928C5C02D00913C8E /* PBXContainerItemProxy */ = {
			isa = PBXContainerItemProxy;
			containerPortal = BFFBFFC628C5C02C00913C8E /* Project object */;
			proxyType = 1;
			remoteGlobalIDString = BFFBFFCD28C5C02C00913C8E;
			remoteInfo = "Fructus-SwiftUI";
		};
/* End PBXContainerItemProxy section */

/* Begin PBXFileReference section */
		BFF6931828C63DFF00C199CE /* FruitRowView.swift */ = {isa = PBXFileReference; lastKnownFileType = sourcecode.swift; path = FruitRowView.swift; sourceTree = "<group>"; };
		BFFB000028C5C9CF00913C8E /* StartButtonView.swift */ = {isa = PBXFileReference; lastKnownFileType = sourcecode.swift; path = StartButtonView.swift; sourceTree = "<group>"; };
		BFFB000228C5CFA200913C8E /* OnboardingView.swift */ = {isa = PBXFileReference; lastKnownFileType = sourcecode.swift; path = OnboardingView.swift; sourceTree = "<group>"; };
		BFFB000528C5D24400913C8E /* FruitModel.swift */ = {isa = PBXFileReference; lastKnownFileType = sourcecode.swift; path = FruitModel.swift; sourceTree = "<group>"; };
		BFFB000828C5D5D400913C8E /* FruitData.swift */ = {isa = PBXFileReference; lastKnownFileType = sourcecode.swift; path = FruitData.swift; sourceTree = "<group>"; };
		BFFBFFCE28C5C02C00913C8E /* Fructus-SwiftUI.app */ = {isa = PBXFileReference; explicitFileType = wrapper.application; includeInIndex = 0; path = "Fructus-SwiftUI.app"; sourceTree = BUILT_PRODUCTS_DIR; };
		BFFBFFD128C5C02C00913C8E /* Fructus_SwiftUIApp.swift */ = {isa = PBXFileReference; lastKnownFileType = sourcecode.swift; path = Fructus_SwiftUIApp.swift; sourceTree = "<group>"; };
		BFFBFFD328C5C02C00913C8E /* ContentView.swift */ = {isa = PBXFileReference; lastKnownFileType = sourcecode.swift; path = ContentView.swift; sourceTree = "<group>"; };
		BFFBFFD528C5C02D00913C8E /* Assets.xcassets */ = {isa = PBXFileReference; lastKnownFileType = folder.assetcatalog; path = Assets.xcassets; sourceTree = "<group>"; };
		BFFBFFD828C5C02D00913C8E /* Preview Assets.xcassets */ = {isa = PBXFileReference; lastKnownFileType = folder.assetcatalog; path = "Preview Assets.xcassets"; sourceTree = "<group>"; };
		BFFBFFDE28C5C02D00913C8E /* Fructus-SwiftUITests.xctest */ = {isa = PBXFileReference; explicitFileType = wrapper.cfbundle; includeInIndex = 0; path = "Fructus-SwiftUITests.xctest"; sourceTree = BUILT_PRODUCTS_DIR; };
		BFFBFFE228C5C02D00913C8E /* Fructus_SwiftUITests.swift */ = {isa = PBXFileReference; lastKnownFileType = sourcecode.swift; path = Fructus_SwiftUITests.swift; sourceTree = "<group>"; };
		BFFBFFE828C5C02D00913C8E /* Fructus-SwiftUIUITests.xctest */ = {isa = PBXFileReference; explicitFileType = wrapper.cfbundle; includeInIndex = 0; path = "Fructus-SwiftUIUITests.xctest"; sourceTree = BUILT_PRODUCTS_DIR; };
		BFFBFFEC28C5C02D00913C8E /* Fructus_SwiftUIUITests.swift */ = {isa = PBXFileReference; lastKnownFileType = sourcecode.swift; path = Fructus_SwiftUIUITests.swift; sourceTree = "<group>"; };
		BFFBFFEE28C5C02D00913C8E /* Fructus_SwiftUIUITestsLaunchTests.swift */ = {isa = PBXFileReference; lastKnownFileType = sourcecode.swift; path = Fructus_SwiftUIUITestsLaunchTests.swift; sourceTree = "<group>"; };
		BFFBFFFE28C5C36700913C8E /* FruitCardView.swift */ = {isa = PBXFileReference; lastKnownFileType = sourcecode.swift; path = FruitCardView.swift; sourceTree = "<group>"; };
/* End PBXFileReference section */

/* Begin PBXFrameworksBuildPhase section */
		BFFBFFCB28C5C02C00913C8E /* Frameworks */ = {
			isa = PBXFrameworksBuildPhase;
			buildActionMask = 2147483647;
			files = (
			);
			runOnlyForDeploymentPostprocessing = 0;
		};
		BFFBFFDB28C5C02D00913C8E /* Frameworks */ = {
			isa = PBXFrameworksBuildPhase;
			buildActionMask = 2147483647;
			files = (
			);
			runOnlyForDeploymentPostprocessing = 0;
		};
		BFFBFFE528C5C02D00913C8E /* Frameworks */ = {
			isa = PBXFrameworksBuildPhase;
			buildActionMask = 2147483647;
			files = (
			);
			runOnlyForDeploymentPostprocessing = 0;
		};
/* End PBXFrameworksBuildPhase section */

/* Begin PBXGroup section */
		BFFB000428C5D23200913C8E /* Model */ = {
			isa = PBXGroup;
			children = (
				BFFB000528C5D24400913C8E /* FruitModel.swift */,
			);
			path = Model;
			sourceTree = "<group>";
		};
		BFFB000728C5D5C700913C8E /* Data */ = {
			isa = PBXGroup;
			children = (
				BFFB000828C5D5D400913C8E /* FruitData.swift */,
			);
			path = Data;
			sourceTree = "<group>";
		};
		BFFBFFC528C5C02C00913C8E = {
			isa = PBXGroup;
			children = (
				BFFBFFD028C5C02C00913C8E /* Fructus-SwiftUI */,
				BFFBFFE128C5C02D00913C8E /* Fructus-SwiftUITests */,
				BFFBFFEB28C5C02D00913C8E /* Fructus-SwiftUIUITests */,
				BFFBFFCF28C5C02C00913C8E /* Products */,
			);
			sourceTree = "<group>";
		};
		BFFBFFCF28C5C02C00913C8E /* Products */ = {
			isa = PBXGroup;
			children = (
				BFFBFFCE28C5C02C00913C8E /* Fructus-SwiftUI.app */,
				BFFBFFDE28C5C02D00913C8E /* Fructus-SwiftUITests.xctest */,
				BFFBFFE828C5C02D00913C8E /* Fructus-SwiftUIUITests.xctest */,
			);
			name = Products;
			sourceTree = "<group>";
		};
		BFFBFFD028C5C02C00913C8E /* Fructus-SwiftUI */ = {
			isa = PBXGroup;
			children = (
				BFFB000728C5D5C700913C8E /* Data */,
				BFFB000428C5D23200913C8E /* Model */,
				BFFBFFFD28C5C35700913C8E /* Views */,
				BFFBFFFB28C5C31600913C8E /* App */,
				BFFBFFD528C5C02D00913C8E /* Assets.xcassets */,
				BFFBFFD728C5C02D00913C8E /* Preview Content */,
			);
			path = "Fructus-SwiftUI";
			sourceTree = "<group>";
		};
		BFFBFFD728C5C02D00913C8E /* Preview Content */ = {
			isa = PBXGroup;
			children = (
				BFFBFFD828C5C02D00913C8E /* Preview Assets.xcassets */,
			);
			path = "Preview Content";
			sourceTree = "<group>";
		};
		BFFBFFE128C5C02D00913C8E /* Fructus-SwiftUITests */ = {
			isa = PBXGroup;
			children = (
				BFFBFFE228C5C02D00913C8E /* Fructus_SwiftUITests.swift */,
			);
			path = "Fructus-SwiftUITests";
			sourceTree = "<group>";
		};
		BFFBFFEB28C5C02D00913C8E /* Fructus-SwiftUIUITests */ = {
			isa = PBXGroup;
			children = (
				BFFBFFEC28C5C02D00913C8E /* Fructus_SwiftUIUITests.swift */,
				BFFBFFEE28C5C02D00913C8E /* Fructus_SwiftUIUITestsLaunchTests.swift */,
			);
			path = "Fructus-SwiftUIUITests";
			sourceTree = "<group>";
		};
		BFFBFFFB28C5C31600913C8E /* App */ = {
			isa = PBXGroup;
			children = (
				BFFBFFD128C5C02C00913C8E /* Fructus_SwiftUIApp.swift */,
				BFFBFFD328C5C02C00913C8E /* ContentView.swift */,
				BFFB000228C5CFA200913C8E /* OnboardingView.swift */,
			);
			path = App;
			sourceTree = "<group>";
		};
		BFFBFFFD28C5C35700913C8E /* Views */ = {
			isa = PBXGroup;
			children = (
				BFFBFFFE28C5C36700913C8E /* FruitCardView.swift */,
				BFF6931828C63DFF00C199CE /* FruitRowView.swift */,
				BFFB000028C5C9CF00913C8E /* StartButtonView.swift */,
			);
			path = Views;
			sourceTree = "<group>";
		};
/* End PBXGroup section */

/* Begin PBXNativeTarget section */
		BFFBFFCD28C5C02C00913C8E /* Fructus-SwiftUI */ = {
			isa = PBXNativeTarget;
			buildConfigurationList = BFFBFFF228C5C02D00913C8E /* Build configuration list for PBXNativeTarget "Fructus-SwiftUI" */;
			buildPhases = (
				BFFBFFCA28C5C02C00913C8E /* Sources */,
				BFFBFFCB28C5C02C00913C8E /* Frameworks */,
				BFFBFFCC28C5C02C00913C8E /* Resources */,
			);
			buildRules = (
			);
			dependencies = (
			);
			name = "Fructus-SwiftUI";
			productName = "Fructus-SwiftUI";
			productReference = BFFBFFCE28C5C02C00913C8E /* Fructus-SwiftUI.app */;
			productType = "com.apple.product-type.application";
		};
		BFFBFFDD28C5C02D00913C8E /* Fructus-SwiftUITests */ = {
			isa = PBXNativeTarget;
			buildConfigurationList = BFFBFFF528C5C02D00913C8E /* Build configuration list for PBXNativeTarget "Fructus-SwiftUITests" */;
			buildPhases = (
				BFFBFFDA28C5C02D00913C8E /* Sources */,
				BFFBFFDB28C5C02D00913C8E /* Frameworks */,
				BFFBFFDC28C5C02D00913C8E /* Resources */,
			);
			buildRules = (
			);
			dependencies = (
				BFFBFFE028C5C02D00913C8E /* PBXTargetDependency */,
			);
			name = "Fructus-SwiftUITests";
			productName = "Fructus-SwiftUITests";
			productReference = BFFBFFDE28C5C02D00913C8E /* Fructus-SwiftUITests.xctest */;
			productType = "com.apple.product-type.bundle.unit-test";
		};
		BFFBFFE728C5C02D00913C8E /* Fructus-SwiftUIUITests */ = {
			isa = PBXNativeTarget;
			buildConfigurationList = BFFBFFF828C5C02D00913C8E /* Build configuration list for PBXNativeTarget "Fructus-SwiftUIUITests" */;
			buildPhases = (
				BFFBFFE428C5C02D00913C8E /* Sources */,
				BFFBFFE528C5C02D00913C8E /* Frameworks */,
				BFFBFFE628C5C02D00913C8E /* Resources */,
			);
			buildRules = (
			);
			dependencies = (
				BFFBFFEA28C5C02D00913C8E /* PBXTargetDependency */,
			);
			name = "Fructus-SwiftUIUITests";
			productName = "Fructus-SwiftUIUITests";
			productReference = BFFBFFE828C5C02D00913C8E /* Fructus-SwiftUIUITests.xctest */;
			productType = "com.apple.product-type.bundle.ui-testing";
		};
/* End PBXNativeTarget section */

/* Begin PBXProject section */
		BFFBFFC628C5C02C00913C8E /* Project object */ = {
			isa = PBXProject;
			attributes = {
				BuildIndependentTargetsInParallel = 1;
				LastSwiftUpdateCheck = 1340;
				LastUpgradeCheck = 1340;
				TargetAttributes = {
					BFFBFFCD28C5C02C00913C8E = {
						CreatedOnToolsVersion = 13.4.1;
					};
					BFFBFFDD28C5C02D00913C8E = {
						CreatedOnToolsVersion = 13.4.1;
						TestTargetID = BFFBFFCD28C5C02C00913C8E;
					};
					BFFBFFE728C5C02D00913C8E = {
						CreatedOnToolsVersion = 13.4.1;
						TestTargetID = BFFBFFCD28C5C02C00913C8E;
					};
				};
			};
			buildConfigurationList = BFFBFFC928C5C02C00913C8E /* Build configuration list for PBXProject "Fructus-SwiftUI" */;
			compatibilityVersion = "Xcode 13.0";
			developmentRegion = en;
			hasScannedForEncodings = 0;
			knownRegions = (
				en,
				Base,
			);
			mainGroup = BFFBFFC528C5C02C00913C8E;
			productRefGroup = BFFBFFCF28C5C02C00913C8E /* Products */;
			projectDirPath = "";
			projectRoot = "";
			targets = (
				BFFBFFCD28C5C02C00913C8E /* Fructus-SwiftUI */,
				BFFBFFDD28C5C02D00913C8E /* Fructus-SwiftUITests */,
				BFFBFFE728C5C02D00913C8E /* Fructus-SwiftUIUITests */,
			);
		};
/* End PBXProject section */

/* Begin PBXResourcesBuildPhase section */
		BFFBFFCC28C5C02C00913C8E /* Resources */ = {
			isa = PBXResourcesBuildPhase;
			buildActionMask = 2147483647;
			files = (
				BFFBFFD928C5C02D00913C8E /* Preview Assets.xcassets in Resources */,
				BFFBFFD628C5C02D00913C8E /* Assets.xcassets in Resources */,
			);
			runOnlyForDeploymentPostprocessing = 0;
		};
		BFFBFFDC28C5C02D00913C8E /* Resources */ = {
			isa = PBXResourcesBuildPhase;
			buildActionMask = 2147483647;
			files = (
			);
			runOnlyForDeploymentPostprocessing = 0;
		};
		BFFBFFE628C5C02D00913C8E /* Resources */ = {
			isa = PBXResourcesBuildPhase;
			buildActionMask = 2147483647;
			files = (
			);
			runOnlyForDeploymentPostprocessing = 0;
		};
/* End PBXResourcesBuildPhase section */

/* Begin PBXSourcesBuildPhase section */
		BFFBFFCA28C5C02C00913C8E /* Sources */ = {
			isa = PBXSourcesBuildPhase;
			buildActionMask = 2147483647;
			files = (
				BFFB000928C5D5D400913C8E /* FruitData.swift in Sources */,
				BFFBFFFF28C5C36700913C8E /* FruitCardView.swift in Sources */,
				BFF6931928C63DFF00C199CE /* FruitRowView.swift in Sources */,
				BFFB000128C5C9CF00913C8E /* StartButtonView.swift in Sources */,
				BFFBFFD428C5C02C00913C8E /* ContentView.swift in Sources */,
				BFFB000328C5CFA200913C8E /* OnboardingView.swift in Sources */,
				BFFB000628C5D24400913C8E /* FruitModel.swift in Sources */,
				BFFBFFD228C5C02C00913C8E /* Fructus_SwiftUIApp.swift in Sources */,
			);
			runOnlyForDeploymentPostprocessing = 0;
		};
		BFFBFFDA28C5C02D00913C8E /* Sources */ = {
			isa = PBXSourcesBuildPhase;
			buildActionMask = 2147483647;
			files = (
				BFFBFFE328C5C02D00913C8E /* Fructus_SwiftUITests.swift in Sources */,
			);
			runOnlyForDeploymentPostprocessing = 0;
		};
		BFFBFFE428C5C02D00913C8E /* Sources */ = {
			isa = PBXSourcesBuildPhase;
			buildActionMask = 2147483647;
			files = (
				BFFBFFED28C5C02D00913C8E /* Fructus_SwiftUIUITests.swift in Sources */,
				BFFBFFEF28C5C02D00913C8E /* Fructus_SwiftUIUITestsLaunchTests.swift in Sources */,
			);
			runOnlyForDeploymentPostprocessing = 0;
		};
/* End PBXSourcesBuildPhase section */

/* Begin PBXTargetDependency section */
		BFFBFFE028C5C02D00913C8E /* PBXTargetDependency */ = {
			isa = PBXTargetDependency;
			target = BFFBFFCD28C5C02C00913C8E /* Fructus-SwiftUI */;
			targetProxy = BFFBFFDF28C5C02D00913C8E /* PBXContainerItemProxy */;
		};
		BFFBFFEA28C5C02D00913C8E /* PBXTargetDependency */ = {
			isa = PBXTargetDependency;
			target = BFFBFFCD28C5C02C00913C8E /* Fructus-SwiftUI */;
			targetProxy = BFFBFFE928C5C02D00913C8E /* PBXContainerItemProxy */;
		};
/* End PBXTargetDependency section */

/* Begin XCBuildConfiguration section */
		BFFBFFF028C5C02D00913C8E /* Debug */ = {
			isa = XCBuildConfiguration;
			buildSettings = {
				ALWAYS_SEARCH_USER_PATHS = NO;
				CLANG_ANALYZER_NONNULL = YES;
				CLANG_ANALYZER_NUMBER_OBJECT_CONVERSION = YES_AGGRESSIVE;
				CLANG_CXX_LANGUAGE_STANDARD = "gnu++17";
				CLANG_ENABLE_MODULES = YES;
				CLANG_ENABLE_OBJC_ARC = YES;
				CLANG_ENABLE_OBJC_WEAK = YES;
				CLANG_WARN_BLOCK_CAPTURE_AUTORELEASING = YES;
				CLANG_WARN_BOOL_CONVERSION = YES;
				CLANG_WARN_COMMA = YES;
				CLANG_WARN_CONSTANT_CONVERSION = YES;
				CLANG_WARN_DEPRECATED_OBJC_IMPLEMENTATIONS = YES;
				CLANG_WARN_DIRECT_OBJC_ISA_USAGE = YES_ERROR;
				CLANG_WARN_DOCUMENTATION_COMMENTS = YES;
				CLANG_WARN_EMPTY_BODY = YES;
				CLANG_WARN_ENUM_CONVERSION = YES;
				CLANG_WARN_INFINITE_RECURSION = YES;
				CLANG_WARN_INT_CONVERSION = YES;
				CLANG_WARN_NON_LITERAL_NULL_CONVERSION = YES;
				CLANG_WARN_OBJC_IMPLICIT_RETAIN_SELF = YES;
				CLANG_WARN_OBJC_LITERAL_CONVERSION = YES;
				CLANG_WARN_OBJC_ROOT_CLASS = YES_ERROR;
				CLANG_WARN_QUOTED_INCLUDE_IN_FRAMEWORK_HEADER = YES;
				CLANG_WARN_RANGE_LOOP_ANALYSIS = YES;
				CLANG_WARN_STRICT_PROTOTYPES = YES;
				CLANG_WARN_SUSPICIOUS_MOVE = YES;
				CLANG_WARN_UNGUARDED_AVAILABILITY = YES_AGGRESSIVE;
				CLANG_WARN_UNREACHABLE_CODE = YES;
				CLANG_WARN__DUPLICATE_METHOD_MATCH = YES;
				COPY_PHASE_STRIP = NO;
				DEBUG_INFORMATION_FORMAT = dwarf;
				ENABLE_STRICT_OBJC_MSGSEND = YES;
				ENABLE_TESTABILITY = YES;
				GCC_C_LANGUAGE_STANDARD = gnu11;
				GCC_DYNAMIC_NO_PIC = NO;
				GCC_NO_COMMON_BLOCKS = YES;
				GCC_OPTIMIZATION_LEVEL = 0;
				GCC_PREPROCESSOR_DEFINITIONS = (
					"DEBUG=1",
					"$(inherited)",
				);
				GCC_WARN_64_TO_32_BIT_CONVERSION = YES;
				GCC_WARN_ABOUT_RETURN_TYPE = YES_ERROR;
				GCC_WARN_UNDECLARED_SELECTOR = YES;
				GCC_WARN_UNINITIALIZED_AUTOS = YES_AGGRESSIVE;
				GCC_WARN_UNUSED_FUNCTION = YES;
				GCC_WARN_UNUSED_VARIABLE = YES;
				IPHONEOS_DEPLOYMENT_TARGET = 15.5;
				MTL_ENABLE_DEBUG_INFO = INCLUDE_SOURCE;
				MTL_FAST_MATH = YES;
				ONLY_ACTIVE_ARCH = YES;
				SDKROOT = iphoneos;
				SWIFT_ACTIVE_COMPILATION_CONDITIONS = DEBUG;
				SWIFT_OPTIMIZATION_LEVEL = "-Onone";
			};
			name = Debug;
		};
		BFFBFFF128C5C02D00913C8E /* Release */ = {
			isa = XCBuildConfiguration;
			buildSettings = {
				ALWAYS_SEARCH_USER_PATHS = NO;
				CLANG_ANALYZER_NONNULL = YES;
				CLANG_ANALYZER_NUMBER_OBJECT_CONVERSION = YES_AGGRESSIVE;
				CLANG_CXX_LANGUAGE_STANDARD = "gnu++17";
				CLANG_ENABLE_MODULES = YES;
				CLANG_ENABLE_OBJC_ARC = YES;
				CLANG_ENABLE_OBJC_WEAK = YES;
				CLANG_WARN_BLOCK_CAPTURE_AUTORELEASING = YES;
				CLANG_WARN_BOOL_CONVERSION = YES;
				CLANG_WARN_COMMA = YES;
				CLANG_WARN_CONSTANT_CONVERSION = YES;
				CLANG_WARN_DEPRECATED_OBJC_IMPLEMENTATIONS = YES;
				CLANG_WARN_DIRECT_OBJC_ISA_USAGE = YES_ERROR;
				CLANG_WARN_DOCUMENTATION_COMMENTS = YES;
				CLANG_WARN_EMPTY_BODY = YES;
				CLANG_WARN_ENUM_CONVERSION = YES;
				CLANG_WARN_INFINITE_RECURSION = YES;
				CLANG_WARN_INT_CONVERSION = YES;
				CLANG_WARN_NON_LITERAL_NULL_CONVERSION = YES;
				CLANG_WARN_OBJC_IMPLICIT_RETAIN_SELF = YES;
				CLANG_WARN_OBJC_LITERAL_CONVERSION = YES;
				CLANG_WARN_OBJC_ROOT_CLASS = YES_ERROR;
				CLANG_WARN_QUOTED_INCLUDE_IN_FRAMEWORK_HEADER = YES;
				CLANG_WARN_RANGE_LOOP_ANALYSIS = YES;
				CLANG_WARN_STRICT_PROTOTYPES = YES;
				CLANG_WARN_SUSPICIOUS_MOVE = YES;
				CLANG_WARN_UNGUARDED_AVAILABILITY = YES_AGGRESSIVE;
				CLANG_WARN_UNREACHABLE_CODE = YES;
				CLANG_WARN__DUPLICATE_METHOD_MATCH = YES;
				COPY_PHASE_STRIP = NO;
				DEBUG_INFORMATION_FORMAT = "dwarf-with-dsym";
				ENABLE_NS_ASSERTIONS = NO;
				ENABLE_STRICT_OBJC_MSGSEND = YES;
				GCC_C_LANGUAGE_STANDARD = gnu11;
				GCC_NO_COMMON_BLOCKS = YES;
				GCC_WARN_64_TO_32_BIT_CONVERSION = YES;
				GCC_WARN_ABOUT_RETURN_TYPE = YES_ERROR;
				GCC_WARN_UNDECLARED_SELECTOR = YES;
				GCC_WARN_UNINITIALIZED_AUTOS = YES_AGGRESSIVE;
				GCC_WARN_UNUSED_FUNCTION = YES;
				GCC_WARN_UNUSED_VARIABLE = YES;
				IPHONEOS_DEPLOYMENT_TARGET = 15.5;
				MTL_ENABLE_DEBUG_INFO = NO;
				MTL_FAST_MATH = YES;
				SDKROOT = iphoneos;
				SWIFT_COMPILATION_MODE = wholemodule;
				SWIFT_OPTIMIZATION_LEVEL = "-O";
				VALIDATE_PRODUCT = YES;
			};
			name = Release;
		};
		BFFBFFF328C5C02D00913C8E /* Debug */ = {
			isa = XCBuildConfiguration;
			buildSettings = {
				ASSETCATALOG_COMPILER_APPICON_NAME = AppIcon;
				ASSETCATALOG_COMPILER_GLOBAL_ACCENT_COLOR_NAME = AccentColor;
				CODE_SIGN_STYLE = Automatic;
				CURRENT_PROJECT_VERSION = 1;
				DEVELOPMENT_ASSET_PATHS = "\"Fructus-SwiftUI/Preview Content\"";
				DEVELOPMENT_TEAM = L8QX5LU28U;
				ENABLE_PREVIEWS = YES;
				GENERATE_INFOPLIST_FILE = YES;
				INFOPLIST_KEY_UIApplicationSceneManifest_Generation = YES;
				INFOPLIST_KEY_UIApplicationSupportsIndirectInputEvents = YES;
				INFOPLIST_KEY_UILaunchScreen_Generation = YES;
				INFOPLIST_KEY_UISupportedInterfaceOrientations_iPad = "UIInterfaceOrientationPortrait UIInterfaceOrientationPortraitUpsideDown UIInterfaceOrientationLandscapeLeft UIInterfaceOrientationLandscapeRight";
				INFOPLIST_KEY_UISupportedInterfaceOrientations_iPhone = "UIInterfaceOrientationPortrait UIInterfaceOrientationLandscapeLeft UIInterfaceOrientationLandscapeRight";
				LD_RUNPATH_SEARCH_PATHS = (
					"$(inherited)",
					"@executable_path/Frameworks",
				);
				MARKETING_VERSION = 1.0;
				PRODUCT_BUNDLE_IDENTIFIER = "au.edu.uts.student.Fructus-SwiftUI";
				PRODUCT_NAME = "$(TARGET_NAME)";
				SWIFT_EMIT_LOC_STRINGS = YES;
				SWIFT_VERSION = 5.0;
				TARGETED_DEVICE_FAMILY = "1,2";
			};
			name = Debug;
		};
		BFFBFFF428C5C02D00913C8E /* Release */ = {
			isa = XCBuildConfiguration;
			buildSettings = {
				ASSETCATALOG_COMPILER_APPICON_NAME = AppIcon;
				ASSETCATALOG_COMPILER_GLOBAL_ACCENT_COLOR_NAME = AccentColor;
				CODE_SIGN_STYLE = Automatic;
				CURRENT_PROJECT_VERSION = 1;
				DEVELOPMENT_ASSET_PATHS = "\"Fructus-SwiftUI/Preview Content\"";
				DEVELOPMENT_TEAM = L8QX5LU28U;
				ENABLE_PREVIEWS = YES;
				GENERATE_INFOPLIST_FILE = YES;
				INFOPLIST_KEY_UIApplicationSceneManifest_Generation = YES;
				INFOPLIST_KEY_UIApplicationSupportsIndirectInputEvents = YES;
				INFOPLIST_KEY_UILaunchScreen_Generation = YES;
				INFOPLIST_KEY_UISupportedInterfaceOrientations_iPad = "UIInterfaceOrientationPortrait UIInterfaceOrientationPortraitUpsideDown UIInterfaceOrientationLandscapeLeft UIInterfaceOrientationLandscapeRight";
				INFOPLIST_KEY_UISupportedInterfaceOrientations_iPhone = "UIInterfaceOrientationPortrait UIInterfaceOrientationLandscapeLeft UIInterfaceOrientationLandscapeRight";
				LD_RUNPATH_SEARCH_PATHS = (
					"$(inherited)",
					"@executable_path/Frameworks",
				);
				MARKETING_VERSION = 1.0;
				PRODUCT_BUNDLE_IDENTIFIER = "au.edu.uts.student.Fructus-SwiftUI";
				PRODUCT_NAME = "$(TARGET_NAME)";
				SWIFT_EMIT_LOC_STRINGS = YES;
				SWIFT_VERSION = 5.0;
				TARGETED_DEVICE_FAMILY = "1,2";
			};
			name = Release;
		};
		BFFBFFF628C5C02D00913C8E /* Debug */ = {
			isa = XCBuildConfiguration;
			buildSettings = {
				ALWAYS_EMBED_SWIFT_STANDARD_LIBRARIES = YES;
				BUNDLE_LOADER = "$(TEST_HOST)";
				CODE_SIGN_STYLE = Automatic;
				CURRENT_PROJECT_VERSION = 1;
				DEVELOPMENT_TEAM = L8QX5LU28U;
				GENERATE_INFOPLIST_FILE = YES;
				IPHONEOS_DEPLOYMENT_TARGET = 15.5;
				MARKETING_VERSION = 1.0;
				PRODUCT_BUNDLE_IDENTIFIER = "au.edu.uts.student.Fructus-SwiftUITests";
				PRODUCT_NAME = "$(TARGET_NAME)";
				SWIFT_EMIT_LOC_STRINGS = NO;
				SWIFT_VERSION = 5.0;
				TARGETED_DEVICE_FAMILY = "1,2";
				TEST_HOST = "$(BUILT_PRODUCTS_DIR)/Fructus-SwiftUI.app/Fructus-SwiftUI";
			};
			name = Debug;
		};
		BFFBFFF728C5C02D00913C8E /* Release */ = {
			isa = XCBuildConfiguration;
			buildSettings = {
				ALWAYS_EMBED_SWIFT_STANDARD_LIBRARIES = YES;
				BUNDLE_LOADER = "$(TEST_HOST)";
				CODE_SIGN_STYLE = Automatic;
				CURRENT_PROJECT_VERSION = 1;
				DEVELOPMENT_TEAM = L8QX5LU28U;
				GENERATE_INFOPLIST_FILE = YES;
				IPHONEOS_DEPLOYMENT_TARGET = 15.5;
				MARKETING_VERSION = 1.0;
				PRODUCT_BUNDLE_IDENTIFIER = "au.edu.uts.student.Fructus-SwiftUITests";
				PRODUCT_NAME = "$(TARGET_NAME)";
				SWIFT_EMIT_LOC_STRINGS = NO;
				SWIFT_VERSION = 5.0;
				TARGETED_DEVICE_FAMILY = "1,2";
				TEST_HOST = "$(BUILT_PRODUCTS_DIR)/Fructus-SwiftUI.app/Fructus-SwiftUI";
			};
			name = Release;
		};
		BFFBFFF928C5C02D00913C8E /* Debug */ = {
			isa = XCBuildConfiguration;
			buildSettings = {
				ALWAYS_EMBED_SWIFT_STANDARD_LIBRARIES = YES;
				CODE_SIGN_STYLE = Automatic;
				CURRENT_PROJECT_VERSION = 1;
				DEVELOPMENT_TEAM = L8QX5LU28U;
				GENERATE_INFOPLIST_FILE = YES;
				MARKETING_VERSION = 1.0;
				PRODUCT_BUNDLE_IDENTIFIER = "au.edu.uts.student.Fructus-SwiftUIUITests";
				PRODUCT_NAME = "$(TARGET_NAME)";
				SWIFT_EMIT_LOC_STRINGS = NO;
				SWIFT_VERSION = 5.0;
				TARGETED_DEVICE_FAMILY = "1,2";
				TEST_TARGET_NAME = "Fructus-SwiftUI";
			};
			name = Debug;
		};
		BFFBFFFA28C5C02D00913C8E /* Release */ = {
			isa = XCBuildConfiguration;
			buildSettings = {
				ALWAYS_EMBED_SWIFT_STANDARD_LIBRARIES = YES;
				CODE_SIGN_STYLE = Automatic;
				CURRENT_PROJECT_VERSION = 1;
				DEVELOPMENT_TEAM = L8QX5LU28U;
				GENERATE_INFOPLIST_FILE = YES;
				MARKETING_VERSION = 1.0;
				PRODUCT_BUNDLE_IDENTIFIER = "au.edu.uts.student.Fructus-SwiftUIUITests";
				PRODUCT_NAME = "$(TARGET_NAME)";
				SWIFT_EMIT_LOC_STRINGS = NO;
				SWIFT_VERSION = 5.0;
				TARGETED_DEVICE_FAMILY = "1,2";
				TEST_TARGET_NAME = "Fructus-SwiftUI";
			};
			name = Release;
		};
/* End XCBuildConfiguration section */

/* Begin XCConfigurationList section */
		BFFBFFC928C5C02C00913C8E /* Build configuration list for PBXProject "Fructus-SwiftUI" */ = {
			isa = XCConfigurationList;
			buildConfigurations = (
				BFFBFFF028C5C02D00913C8E /* Debug */,
				BFFBFFF128C5C02D00913C8E /* Release */,
			);
			defaultConfigurationIsVisible = 0;
			defaultConfigurationName = Release;
		};
		BFFBFFF228C5C02D00913C8E /* Build configuration list for PBXNativeTarget "Fructus-SwiftUI" */ = {
			isa = XCConfigurationList;
			buildConfigurations = (
				BFFBFFF328C5C02D00913C8E /* Debug */,
				BFFBFFF428C5C02D00913C8E /* Release */,
			);
			defaultConfigurationIsVisible = 0;
			defaultConfigurationName = Release;
		};
		BFFBFFF528C5C02D00913C8E /* Build configuration list for PBXNativeTarget "Fructus-SwiftUITests" */ = {
			isa = XCConfigurationList;
			buildConfigurations = (
				BFFBFFF628C5C02D00913C8E /* Debug */,
				BFFBFFF728C5C02D00913C8E /* Release */,
			);
			defaultConfigurationIsVisible = 0;
			defaultConfigurationName = Release;
		};
		BFFBFFF828C5C02D00913C8E /* Build configuration list for PBXNativeTarget "Fructus-SwiftUIUITests" */ = {
			isa = XCConfigurationList;
			buildConfigurations = (
				BFFBFFF928C5C02D00913C8E /* Debug */,
				BFFBFFFA28C5C02D00913C8E /* Release */,
			);
			defaultConfigurationIsVisible = 0;
			defaultConfigurationName = Release;
		};
/* End XCConfigurationList section */
	};
	rootObject = BFFBFFC628C5C02C00913C8E /* Project object */;
}
